
Microsoft Visual Studio Solution File, Format Version 12.00
# Visual Studio 15
VisualStudioVersion = 15.0.26228.4
MinimumVisualStudioVersion = 10.0.40219.1
Project("{8BC9CEB8-8B4A-11D0-8D11-00A0C91BC942}") = "SiegeEngine", "SiegeEngine\SiegeEngine.vcxproj", "{97982628-3B7D-43B9-967F-C669A1013AFB}"
	ProjectSection(ProjectDependencies) = postProject
		{B84EC215-38FA-4F9A-8BBB-18649835FFF2} = {B84EC215-38FA-4F9A-8BBB-18649835FFF2}
		{A78E011A-57BA-4040-BC80-7FB441EFB7CD} = {A78E011A-57BA-4040-BC80-7FB441EFB7CD}
		{5C48A861-F589-4847-8976-8E9E275F3AB8} = {5C48A861-F589-4847-8976-8E9E275F3AB8}
		{644BE3AA-DE61-47EC-9302-57DE29401E13} = {644BE3AA-DE61-47EC-9302-57DE29401E13}
	EndProjectSection
EndProject
Project("{8BC9CEB8-8B4A-11D0-8D11-00A0C91BC942}") = "SEngineGraphics", "SEngineGraphics\SEngineGraphics.vcxproj", "{A78E011A-57BA-4040-BC80-7FB441EFB7CD}"
	ProjectSection(ProjectDependencies) = postProject
		{B84EC215-38FA-4F9A-8BBB-18649835FFF2} = {B84EC215-38FA-4F9A-8BBB-18649835FFF2}
		{5C48A861-F589-4847-8976-8E9E275F3AB8} = {5C48A861-F589-4847-8976-8E9E275F3AB8}
		{644BE3AA-DE61-47EC-9302-57DE29401E13} = {644BE3AA-DE61-47EC-9302-57DE29401E13}
	EndProjectSection
EndProject
Project("{8BC9CEB8-8B4A-11D0-8D11-00A0C91BC942}") = "SEngineObjLoader", "SEngineObjLoader\SEngineObjLoader.vcxproj", "{B84EC215-38FA-4F9A-8BBB-18649835FFF2}"
	ProjectSection(ProjectDependencies) = postProject
		{5C48A861-F589-4847-8976-8E9E275F3AB8} = {5C48A861-F589-4847-8976-8E9E275F3AB8}
		{644BE3AA-DE61-47EC-9302-57DE29401E13} = {644BE3AA-DE61-47EC-9302-57DE29401E13}
	EndProjectSection
EndProject
Project("{8BC9CEB8-8B4A-11D0-8D11-00A0C91BC942}") = "SEngineLib", "SEngineLib\SEngineLib.vcxproj", "{644BE3AA-DE61-47EC-9302-57DE29401E13}"
EndProject
Project("{8BC9CEB8-8B4A-11D0-8D11-00A0C91BC942}") = "SEngineMathlib", "SEngineMathlib\SEngineMathlib.vcxproj", "{5C48A861-F589-4847-8976-8E9E275F3AB8}"
EndProject
Global
	GlobalSection(SolutionConfigurationPlatforms) = preSolution
		Debug|ARM = Debug|ARM
		Debug|x64 = Debug|x64
		Debug|x86 = Debug|x86
		Release|ARM = Release|ARM
		Release|x64 = Release|x64
		Release|x86 = Release|x86
	EndGlobalSection
	GlobalSection(ProjectConfigurationPlatforms) = postSolution
		{97982628-3B7D-43B9-967F-C669A1013AFB}.Debug|ARM.ActiveCfg = Debug|x64
		{97982628-3B7D-43B9-967F-C669A1013AFB}.Debug|x64.ActiveCfg = Debug|x64
		{97982628-3B7D-43B9-967F-C669A1013AFB}.Debug|x64.Build.0 = Debug|x64
		{97982628-3B7D-43B9-967F-C669A1013AFB}.Debug|x86.ActiveCfg = Debug|x64
		{97982628-3B7D-43B9-967F-C669A1013AFB}.Release|ARM.ActiveCfg = Release|x64
		{97982628-3B7D-43B9-967F-C669A1013AFB}.Release|x64.ActiveCfg = Release|x64
		{97982628-3B7D-43B9-967F-C669A1013AFB}.Release|x64.Build.0 = Release|x64
		{97982628-3B7D-43B9-967F-C669A1013AFB}.Release|x86.ActiveCfg = Release|x64
		{A78E011A-57BA-4040-BC80-7FB441EFB7CD}.Debug|ARM.ActiveCfg = Debug|x64
		{A78E011A-57BA-4040-BC80-7FB441EFB7CD}.Debug|x64.ActiveCfg = Debug|x64
		{A78E011A-57BA-4040-BC80-7FB441EFB7CD}.Debug|x64.Build.0 = Debug|x64
		{A78E011A-57BA-4040-BC80-7FB441EFB7CD}.Debug|x86.ActiveCfg = Debug|x64
		{A78E011A-57BA-4040-BC80-7FB441EFB7CD}.Release|ARM.ActiveCfg = Release|x64
		{A78E011A-57BA-4040-BC80-7FB441EFB7CD}.Release|x64.ActiveCfg = Release|x64
		{A78E011A-57BA-4040-BC80-7FB441EFB7CD}.Release|x64.Build.0 = Release|x64
		{A78E011A-57BA-4040-BC80-7FB441EFB7CD}.Release|x86.ActiveCfg = Release|x64
		{B84EC215-38FA-4F9A-8BBB-18649835FFF2}.Debug|ARM.ActiveCfg = Debug|x64
		{B84EC215-38FA-4F9A-8BBB-18649835FFF2}.Debug|x64.ActiveCfg = Debug|x64
		{B84EC215-38FA-4F9A-8BBB-18649835FFF2}.Debug|x64.Build.0 = Debug|x64
		{B84EC215-38FA-4F9A-8BBB-18649835FFF2}.Debug|x86.ActiveCfg = Debug|x64
		{B84EC215-38FA-4F9A-8BBB-18649835FFF2}.Release|ARM.ActiveCfg = Release|x64
		{B84EC215-38FA-4F9A-8BBB-18649835FFF2}.Release|x64.ActiveCfg = Release|x64
		{B84EC215-38FA-4F9A-8BBB-18649835FFF2}.Release|x64.Build.0 = Release|x64
		{B84EC215-38FA-4F9A-8BBB-18649835FFF2}.Release|x86.ActiveCfg = Release|x64
		{644BE3AA-DE61-47EC-9302-57DE29401E13}.Debug|ARM.ActiveCfg = Debug|x64
		{644BE3AA-DE61-47EC-9302-57DE29401E13}.Debug|x64.ActiveCfg = Debug|x64
		{644BE3AA-DE61-47EC-9302-57DE29401E13}.Debug|x64.Build.0 = Debug|x64
		{644BE3AA-DE61-47EC-9302-57DE29401E13}.Debug|x86.ActiveCfg = Debug|x64
		{644BE3AA-DE61-47EC-9302-57DE29401E13}.Release|ARM.ActiveCfg = Release|x64
		{644BE3AA-DE61-47EC-9302-57DE29401E13}.Release|x64.ActiveCfg = Release|x64
		{644BE3AA-DE61-47EC-9302-57DE29401E13}.Release|x64.Build.0 = Release|x64
		{644BE3AA-DE61-47EC-9302-57DE29401E13}.Release|x86.ActiveCfg = Release|x64
		{5C48A861-F589-4847-8976-8E9E275F3AB8}.Debug|ARM.ActiveCfg = Debug|x64
		{5C48A861-F589-4847-8976-8E9E275F3AB8}.Debug|x64.ActiveCfg = Debug|x64
		{5C48A861-F589-4847-8976-8E9E275F3AB8}.Debug|x64.Build.0 = Debug|x64
		{5C48A861-F589-4847-8976-8E9E275F3AB8}.Debug|x86.ActiveCfg = Debug|x64
		{5C48A861-F589-4847-8976-8E9E275F3AB8}.Release|ARM.ActiveCfg = Release|x64
		{5C48A861-F589-4847-8976-8E9E275F3AB8}.Release|x64.ActiveCfg = Release|x64
		{5C48A861-F589-4847-8976-8E9E275F3AB8}.Release|x64.Build.0 = Release|x64
		{5C48A861-F589-4847-8976-8E9E275F3AB8}.Release|x86.ActiveCfg = Release|x64
	EndGlobalSection
	GlobalSection(SolutionProperties) = preSolution
		HideSolutionNode = FALSE
	EndGlobalSection
EndGlobal
