<?xml version="1.0" encoding="utf-8"?>
<Project ToolsVersion="15.0" xmlns="http://schemas.microsoft.com/developer/msbuild/2003">
  <ItemGroup>
    <Filter Include="HeaderFiles">
      <UniqueIdentifier>{d6c1c4ab-3652-4737-bd3a-2244bf15e2a5}</UniqueIdentifier>
    </Filter>
    <Filter Include="HeaderFilesWithDeclarations">
      <UniqueIdentifier>{2e4da52b-4400-4e2f-96b3-8ce3f5639e1e}</UniqueIdentifier>
    </Filter>
    <Filter Include="SourceFiles">
      <UniqueIdentifier>{c8f980d3-bc9d-4a4a-b74b-1cdcc57b4ea1}</UniqueIdentifier>
    </Filter>
  </ItemGroup>
  <ItemGroup>
    <ClInclude Include="source\include\BasicMath.h">
      <Filter>HeaderFiles</Filter>
    </ClInclude>
    <ClInclude Include="source\include\Color.h">
      <Filter>HeaderFiles</Filter>
    </ClInclude>
    <ClInclude Include="source\include\Matrix.h">
      <Filter>HeaderFiles</Filter>
    </ClInclude>
    <ClInclude Include="source\include\Vector2.h">
      <Filter>HeaderFiles</Filter>
    </ClInclude>
    <ClInclude Include="source\include\Vector3.h">
      <Filter>HeaderFiles</Filter>
    </ClInclude>
    <ClInclude Include="source\include\Vector4.h">
      <Filter>HeaderFiles</Filter>
    </ClInclude>
    <ClInclude Include="source\include\BasicMath.hpp">
      <Filter>HeaderFilesWithDeclarations</Filter>
    </ClInclude>
    <ClInclude Include="source\include\Color.hpp">
      <Filter>HeaderFilesWithDeclarations</Filter>
    </ClInclude>
    <ClInclude Include="source\include\Matrix.hpp">
      <Filter>HeaderFilesWithDeclarations</Filter>
    </ClInclude>
    <ClInclude Include="source\include\Vector2.hpp">
      <Filter>HeaderFilesWithDeclarations</Filter>
    </ClInclude>
    <ClInclude Include="source\include\Vector3.hpp">
      <Filter>HeaderFilesWithDeclarations</Filter>
    </ClInclude>
    <ClInclude Include="source\include\Vector4.hpp">
      <Filter>HeaderFilesWithDeclarations</Filter>
    </ClInclude>
  </ItemGroup>
  <ItemGroup>
    <ClCompile Include="source\Matrix.cpp">
      <Filter>SourceFiles</Filter>
    </ClCompile>
    <ClCompile Include="source\Vector2.cpp">
      <Filter>SourceFiles</Filter>
    </ClCompile>
    <ClCompile Include="source\Vector3.cpp">
      <Filter>SourceFiles</Filter>
    </ClCompile>
    <ClCompile Include="source\Vector4.cpp">
      <Filter>SourceFiles</Filter>
    </ClCompile>
    <ClCompile Include="source\Color.cpp">
      <Filter>SourceFiles</Filter>
    </ClCompile>
  </ItemGroup>
</Project>